// !$*UTF8*$!
{
	archiveVersion = 1;
	classes = {
	};
	objectVersion = 50;
	objects = {

/* Begin PBXBuildFile section */
		C4773AE9260C7BC50077E8D5 /* PencilKitViewController.swift in Sources */ = {isa = PBXBuildFile; fileRef = C4773AE8260C7BC50077E8D5 /* PencilKitViewController.swift */; };
		C4773AEC260C7C070077E8D5 /* ScribbleViewController.swift in Sources */ = {isa = PBXBuildFile; fileRef = C4773AEB260C7C070077E8D5 /* ScribbleViewController.swift */; };
		C4903F8F2604D12A006FE901 /* AppDelegate.swift in Sources */ = {isa = PBXBuildFile; fileRef = C4903F8E2604D12A006FE901 /* AppDelegate.swift */; };
		C4903F912604D12A006FE901 /* SceneDelegate.swift in Sources */ = {isa = PBXBuildFile; fileRef = C4903F902604D12A006FE901 /* SceneDelegate.swift */; };
		C4903F932604D12A006FE901 /* ViewController.swift in Sources */ = {isa = PBXBuildFile; fileRef = C4903F922604D12A006FE901 /* ViewController.swift */; };
		C4903F962604D12A006FE901 /* Main.storyboard in Resources */ = {isa = PBXBuildFile; fileRef = C4903F942604D12A006FE901 /* Main.storyboard */; };
		C4903F982604D12D006FE901 /* Assets.xcassets in Resources */ = {isa = PBXBuildFile; fileRef = C4903F972604D12D006FE901 /* Assets.xcassets */; };
		C4903F9B2604D12D006FE901 /* LaunchScreen.storyboard in Resources */ = {isa = PBXBuildFile; fileRef = C4903F992604D12D006FE901 /* LaunchScreen.storyboard */; };
/* End PBXBuildFile section */

/* Begin PBXFileReference section */
		C4773AE8260C7BC50077E8D5 /* PencilKitViewController.swift */ = {isa = PBXFileReference; lastKnownFileType = sourcecode.swift; path = PencilKitViewController.swift; sourceTree = "<group>"; };
		C4773AEB260C7C070077E8D5 /* ScribbleViewController.swift */ = {isa = PBXFileReference; lastKnownFileType = sourcecode.swift; path = ScribbleViewController.swift; sourceTree = "<group>"; };
		C4903F8B2604D12A006FE901 /* ApplePencilExample.app */ = {isa = PBXFileReference; explicitFileType = wrapper.application; includeInIndex = 0; path = ApplePencilExample.app; sourceTree = BUILT_PRODUCTS_DIR; };
		C4903F8E2604D12A006FE901 /* AppDelegate.swift */ = {isa = PBXFileReference; lastKnownFileType = sourcecode.swift; path = AppDelegate.swift; sourceTree = "<group>"; };
		C4903F902604D12A006FE901 /* SceneDelegate.swift */ = {isa = PBXFileReference; lastKnownFileType = sourcecode.swift; path = SceneDelegate.swift; sourceTree = "<group>"; };
		C4903F922604D12A006FE901 /* ViewController.swift */ = {isa = PBXFileReference; lastKnownFileType = sourcecode.swift; path = ViewController.swift; sourceTree = "<group>"; };
		C4903F952604D12A006FE901 /* Base */ = {isa = PBXFileReference; lastKnownFileType = file.storyboard; name = Base; path = Base.lproj/Main.storyboard; sourceTree = "<group>"; };
		C4903F972604D12D006FE901 /* Assets.xcassets */ = {isa = PBXFileReference; lastKnownFileType = folder.assetcatalog; path = Assets.xcassets; sourceTree = "<group>"; };
		C4903F9A2604D12D006FE901 /* Base */ = {isa = PBXFileReference; lastKnownFileType = file.storyboard; name = Base; path = Base.lproj/LaunchScreen.storyboard; sourceTree = "<group>"; };
		C4903F9C2604D12D006FE901 /* Info.plist */ = {isa = PBXFileReference; lastKnownFileType = text.plist.xml; path = Info.plist; sourceTree = "<group>"; };
/* End PBXFileReference section */

/* Begin PBXFrameworksBuildPhase section */
		C4903F882604D12A006FE901 /* Frameworks */ = {
			isa = PBXFrameworksBuildPhase;
			buildActionMask = 2147483647;
			files = (
			);
			runOnlyForDeploymentPostprocessing = 0;
		};
/* End PBXFrameworksBuildPhase section */

/* Begin PBXGroup section */
		C4903F822604D12A006FE901 = {
			isa = PBXGroup;
			children = (
				C4903F8D2604D12A006FE901 /* ApplePencilExample */,
				C4903F8C2604D12A006FE901 /* Products */,
			);
			sourceTree = "<group>";
		};
		C4903F8C2604D12A006FE901 /* Products */ = {
			isa = PBXGroup;
			children = (
				C4903F8B2604D12A006FE901 /* ApplePencilExample.app */,
			);
			name = Products;
			sourceTree = "<group>";
		};
		C4903F8D2604D12A006FE901 /* ApplePencilExample */ = {
			isa = PBXGroup;
			children = (
				C4903F8E2604D12A006FE901 /* AppDelegate.swift */,
				C4903F902604D12A006FE901 /* SceneDelegate.swift */,
				C4773AE8260C7BC50077E8D5 /* PencilKitViewController.swift */,
				C4773AEB260C7C070077E8D5 /* ScribbleViewController.swift */,
				C4903F922604D12A006FE901 /* ViewController.swift */,
				C4903F942604D12A006FE901 /* Main.storyboard */,
				C4903F972604D12D006FE901 /* Assets.xcassets */,
				C4903F992604D12D006FE901 /* LaunchScreen.storyboard */,
				C4903F9C2604D12D006FE901 /* Info.plist */,
			);
			path = ApplePencilExample;
			sourceTree = "<group>";
		};
/* End PBXGroup section */

/* Begin PBXNativeTarget section */
		C4903F8A2604D12A006FE901 /* ApplePencilExample */ = {
			isa = PBXNativeTarget;
			buildConfigurationList = C4903F9F2604D12D006FE901 /* Build configuration list for PBXNativeTarget "ApplePencilExample" */;
			buildPhases = (
				C4903F872604D12A006FE901 /* Sources */,
				C4903F882604D12A006FE901 /* Frameworks */,
				C4903F892604D12A006FE901 /* Resources */,
			);
			buildRules = (
			);
			dependencies = (
			);
			name = ApplePencilExample;
			productName = ApplePencilExample;
			productReference = C4903F8B2604D12A006FE901 /* ApplePencilExample.app */;
			productType = "com.apple.product-type.application";
		};
/* End PBXNativeTarget section */

/* Begin PBXProject section */
		C4903F832604D12A006FE901 /* Project object */ = {
			isa = PBXProject;
			attributes = {
				LastSwiftUpdateCheck = 1240;
				LastUpgradeCheck = 1240;
				TargetAttributes = {
					C4903F8A2604D12A006FE901 = {
						CreatedOnToolsVersion = 12.4;
					};
				};
			};
			buildConfigurationList = C4903F862604D12A006FE901 /* Build configuration list for PBXProject "ApplePencilExample" */;
			compatibilityVersion = "Xcode 9.3";
			developmentRegion = en;
			hasScannedForEncodings = 0;
			knownRegions = (
				en,
				Base,
			);
			mainGroup = C4903F822604D12A006FE901;
			productRefGroup = C4903F8C2604D12A006FE901 /* Products */;
			projectDirPath = "";
			projectRoot = "";
			targets = (
				C4903F8A2604D12A006FE901 /* ApplePencilExample */,
			);
		};
/* End PBXProject section */

/* Begin PBXResourcesBuildPhase section */
		C4903F892604D12A006FE901 /* Resources */ = {
			isa = PBXResourcesBuildPhase;
			buildActionMask = 2147483647;
			files = (
				C4903F9B2604D12D006FE901 /* LaunchScreen.storyboard in Resources */,
				C4903F982604D12D006FE901 /* Assets.xcassets in Resources */,
				C4903F962604D12A006FE901 /* Main.storyboard in Resources */,
			);
			runOnlyForDeploymentPostprocessing = 0;
		};
/* End PBXResourcesBuildPhase section */

/* Begin PBXSourcesBuildPhase section */
		C4903F872604D12A006FE901 /* Sources */ = {
			isa = PBXSourcesBuildPhase;
			buildActionMask = 2147483647;
			files = (
				C4903F932604D12A006FE901 /* ViewController.swift in Sources */,
				C4903F8F2604D12A006FE901 /* AppDelegate.swift in Sources */,
				C4773AEC260C7C070077E8D5 /* ScribbleViewController.swift in Sources */,
				C4773AE9260C7BC50077E8D5 /* PencilKitViewController.swift in Sources */,
				C4903F912604D12A006FE901 /* SceneDelegate.swift in Sources */,
			);
			runOnlyForDeploymentPostprocessing = 0;
		};
/* End PBXSourcesBuildPhase section */

/* Begin PBXVariantGroup section */
		C4903F942604D12A006FE901 /* Main.storyboard */ = {
			isa = PBXVariantGroup;
			children = (
				C4903F952604D12A006FE901 /* Base */,
			);
			name = Main.storyboard;
			sourceTree = "<group>";
		};
		C4903F992604D12D006FE901 /* LaunchScreen.storyboard */ = {
			isa = PBXVariantGroup;
			children = (
				C4903F9A2604D12D006FE901 /* Base */,
			);
			name = LaunchScreen.storyboard;
			sourceTree = "<group>";
		};
/* End PBXVariantGroup section */

/* Begin XCBuildConfiguration section */
		C4903F9D2604D12D006FE901 /* Debug */ = {
			isa = XCBuildConfiguration;
			buildSettings = {
				ALWAYS_SEARCH_USER_PATHS = NO;
				CLANG_ANALYZER_NONNULL = YES;
				CLANG_ANALYZER_NUMBER_OBJECT_CONVERSION = YES_AGGRESSIVE;
				CLANG_CXX_LANGUAGE_STANDARD = "gnu++14";
				CLANG_CXX_LIBRARY = "libc++";
				CLANG_ENABLE_MODULES = YES;
				CLANG_ENABLE_OBJC_ARC = YES;
				CLANG_ENABLE_OBJC_WEAK = YES;
				CLANG_WARN_BLOCK_CAPTURE_AUTORELEASING = YES;
				CLANG_WARN_BOOL_CONVERSION = YES;
				CLANG_WARN_COMMA = YES;
				CLANG_WARN_CONSTANT_CONVERSION = YES;
				CLANG_WARN_DEPRECATED_OBJC_IMPLEMENTATIONS = YES;
				CLANG_WARN_DIRECT_OBJC_ISA_USAGE = YES_ERROR;
				CLANG_WARN_DOCUMENTATION_COMMENTS = YES;
				CLANG_WARN_EMPTY_BODY = YES;
				CLANG_WARN_ENUM_CONVERSION = YES;
				CLANG_WARN_INFINITE_RECURSION = YES;
				CLANG_WARN_INT_CONVERSION = YES;
				CLANG_WARN_NON_LITERAL_NULL_CONVERSION = YES;
				CLANG_WARN_OBJC_IMPLICIT_RETAIN_SELF = YES;
				CLANG_WARN_OBJC_LITERAL_CONVERSION = YES;
				CLANG_WARN_OBJC_ROOT_CLASS = YES_ERROR;
				CLANG_WARN_QUOTED_INCLUDE_IN_FRAMEWORK_HEADER = YES;
				CLANG_WARN_RANGE_LOOP_ANALYSIS = YES;
				CLANG_WARN_STRICT_PROTOTYPES = YES;
				CLANG_WARN_SUSPICIOUS_MOVE = YES;
				CLANG_WARN_UNGUARDED_AVAILABILITY = YES_AGGRESSIVE;
				CLANG_WARN_UNREACHABLE_CODE = YES;
				CLANG_WARN__DUPLICATE_METHOD_MATCH = YES;
				COPY_PHASE_STRIP = NO;
				DEBUG_INFORMATION_FORMAT = dwarf;
				ENABLE_STRICT_OBJC_MSGSEND = YES;
				ENABLE_TESTABILITY = YES;
				GCC_C_LANGUAGE_STANDARD = gnu11;
				GCC_DYNAMIC_NO_PIC = NO;
				GCC_NO_COMMON_BLOCKS = YES;
				GCC_OPTIMIZATION_LEVEL = 0;
				GCC_PREPROCESSOR_DEFINITIONS = (
					"DEBUG=1",
					"$(inherited)",
				);
				GCC_WARN_64_TO_32_BIT_CONVERSION = YES;
				GCC_WARN_ABOUT_RETURN_TYPE = YES_ERROR;
				GCC_WARN_UNDECLARED_SELECTOR = YES;
				GCC_WARN_UNINITIALIZED_AUTOS = YES_AGGRESSIVE;
				GCC_WARN_UNUSED_FUNCTION = YES;
				GCC_WARN_UNUSED_VARIABLE = YES;
				IPHONEOS_DEPLOYMENT_TARGET = 14.4;
				MTL_ENABLE_DEBUG_INFO = INCLUDE_SOURCE;
				MTL_FAST_MATH = YES;
				ONLY_ACTIVE_ARCH = YES;
				SDKROOT = iphoneos;
				SWIFT_ACTIVE_COMPILATION_CONDITIONS = DEBUG;
				SWIFT_OPTIMIZATION_LEVEL = "-Onone";
			};
			name = Debug;
		};
		C4903F9E2604D12D006FE901 /* Release */ = {
			isa = XCBuildConfiguration;
			buildSettings = {
				ALWAYS_SEARCH_USER_PATHS = NO;
				CLANG_ANALYZER_NONNULL = YES;
				CLANG_ANALYZER_NUMBER_OBJECT_CONVERSION = YES_AGGRESSIVE;
				CLANG_CXX_LANGUAGE_STANDARD = "gnu++14";
				CLANG_CXX_LIBRARY = "libc++";
				CLANG_ENABLE_MODULES = YES;
				CLANG_ENABLE_OBJC_ARC = YES;
				CLANG_ENABLE_OBJC_WEAK = YES;
				CLANG_WARN_BLOCK_CAPTURE_AUTORELEASING = YES;
				CLANG_WARN_BOOL_CONVERSION = YES;
				CLANG_WARN_COMMA = YES;
				CLANG_WARN_CONSTANT_CONVERSION = YES;
				CLANG_WARN_DEPRECATED_OBJC_IMPLEMENTATIONS = YES;
				CLANG_WARN_DIRECT_OBJC_ISA_USAGE = YES_ERROR;
				CLANG_WARN_DOCUMENTATION_COMMENTS = YES;
				CLANG_WARN_EMPTY_BODY = YES;
				CLANG_WARN_ENUM_CONVERSION = YES;
				CLANG_WARN_INFINITE_RECURSION = YES;
				CLANG_WARN_INT_CONVERSION = YES;
				CLANG_WARN_NON_LITERAL_NULL_CONVERSION = YES;
				CLANG_WARN_OBJC_IMPLICIT_RETAIN_SELF = YES;
				CLANG_WARN_OBJC_LITERAL_CONVERSION = YES;
				CLANG_WARN_OBJC_ROOT_CLASS = YES_ERROR;
				CLANG_WARN_QUOTED_INCLUDE_IN_FRAMEWORK_HEADER = YES;
				CLANG_WARN_RANGE_LOOP_ANALYSIS = YES;
				CLANG_WARN_STRICT_PROTOTYPES = YES;
				CLANG_WARN_SUSPICIOUS_MOVE = YES;
				CLANG_WARN_UNGUARDED_AVAILABILITY = YES_AGGRESSIVE;
				CLANG_WARN_UNREACHABLE_CODE = YES;
				CLANG_WARN__DUPLICATE_METHOD_MATCH = YES;
				COPY_PHASE_STRIP = NO;
				DEBUG_INFORMATION_FORMAT = "dwarf-with-dsym";
				ENABLE_NS_ASSERTIONS = NO;
				ENABLE_STRICT_OBJC_MSGSEND = YES;
				GCC_C_LANGUAGE_STANDARD = gnu11;
				GCC_NO_COMMON_BLOCKS = YES;
				GCC_WARN_64_TO_32_BIT_CONVERSION = YES;
				GCC_WARN_ABOUT_RETURN_TYPE = YES_ERROR;
				GCC_WARN_UNDECLARED_SELECTOR = YES;
				GCC_WARN_UNINITIALIZED_AUTOS = YES_AGGRESSIVE;
				GCC_WARN_UNUSED_FUNCTION = YES;
				GCC_WARN_UNUSED_VARIABLE = YES;
				IPHONEOS_DEPLOYMENT_TARGET = 14.4;
				MTL_ENABLE_DEBUG_INFO = NO;
				MTL_FAST_MATH = YES;
				SDKROOT = iphoneos;
				SWIFT_COMPILATION_MODE = wholemodule;
				SWIFT_OPTIMIZATION_LEVEL = "-O";
				VALIDATE_PRODUCT = YES;
			};
			name = Release;
		};
		C4903FA02604D12D006FE901 /* Debug */ = {
			isa = XCBuildConfiguration;
			buildSettings = {
				ASSETCATALOG_COMPILER_APPICON_NAME = AppIcon;
				ASSETCATALOG_COMPILER_GLOBAL_ACCENT_COLOR_NAME = AccentColor;
				CODE_SIGN_STYLE = Automatic;
				DEVELOPMENT_TEAM = S9G77G3MZ9;
				INFOPLIST_FILE = ApplePencilExample/Info.plist;
				LD_RUNPATH_SEARCH_PATHS = (
					"$(inherited)",
					"@executable_path/Frameworks",
				);
				PRODUCT_BUNDLE_IDENTIFIER = com.hepsiburada.ApplePencilExample;
				PRODUCT_NAME = "$(TARGET_NAME)";
				SWIFT_VERSION = 5.0;
				TARGETED_DEVICE_FAMILY = "1,2";
			};
			name = Debug;
		};
		C4903FA12604D12D006FE901 /* Release */ = {
			isa = XCBuildConfiguration;
			buildSettings = {
				ASSETCATALOG_COMPILER_APPICON_NAME = AppIcon;
				ASSETCATALOG_COMPILER_GLOBAL_ACCENT_COLOR_NAME = AccentColor;
				CODE_SIGN_STYLE = Automatic;
				DEVELOPMENT_TEAM = S9G77G3MZ9;
				INFOPLIST_FILE = ApplePencilExample/Info.plist;
				LD_RUNPATH_SEARCH_PATHS = (
					"$(inherited)",
					"@executable_path/Frameworks",
				);
				PRODUCT_BUNDLE_IDENTIFIER = com.hepsiburada.ApplePencilExample;
				PRODUCT_NAME = "$(TARGET_NAME)";
				SWIFT_VERSION = 5.0;
				TARGETED_DEVICE_FAMILY = "1,2";
			};
			name = Release;
		};
/* End XCBuildConfiguration section */

/* Begin XCConfigurationList section */
		C4903F862604D12A006FE901 /* Build configuration list for PBXProject "ApplePencilExample" */ = {
			isa = XCConfigurationList;
			buildConfigurations = (
				C4903F9D2604D12D006FE901 /* Debug */,
				C4903F9E2604D12D006FE901 /* Release */,
			);
			defaultConfigurationIsVisible = 0;
			defaultConfigurationName = Release;
		};
		C4903F9F2604D12D006FE901 /* Build configuration list for PBXNativeTarget "ApplePencilExample" */ = {
			isa = XCConfigurationList;
			buildConfigurations = (
				C4903FA02604D12D006FE901 /* Debug */,
				C4903FA12604D12D006FE901 /* Release */,
			);
			defaultConfigurationIsVisible = 0;
			defaultConfigurationName = Release;
		};
/* End XCConfigurationList section */
	};
	rootObject = C4903F832604D12A006FE901 /* Project object */;
}
